
Microsoft Visual Studio Solution File, Format Version 12.00
# Visual Studio Version 17
VisualStudioVersion = 17.5.33516.290
MinimumVisualStudioVersion = 10.0.40219.1
Project("{9A19103F-16F7-4668-BE54-9A1E7A4F7556}") = "RabbitSender", "RabbitSender\RabbitSender.csproj", "{30D27F09-A786-4A07-87CC-A475ABE849E3}"
EndProject
Project("{9A19103F-16F7-4668-BE54-9A1E7A4F7556}") = "RabbitReceiver1", "RabbitReceiver1\RabbitReceiver1.csproj", "{6735BC3B-D31D-4C67-B498-9633C4ADD7E9}"
EndProject
Project("{FAE04EC0-301F-11D3-BF4B-00C04F79EFBC}") = "RabbitReceiver2", "RabbitReceiver2\RabbitReceiver2.csproj", "{A54D77B4-3097-4746-8592-C0E0F18A8E3C}"
EndProject
Global
	GlobalSection(SolutionConfigurationPlatforms) = preSolution
		Debug|Any CPU = Debug|Any CPU
		Release|Any CPU = Release|Any CPU
	EndGlobalSection
	GlobalSection(ProjectConfigurationPlatforms) = postSolution
		{30D27F09-A786-4A07-87CC-A475ABE849E3}.Debug|Any CPU.ActiveCfg = Debug|Any CPU
		{30D27F09-A786-4A07-87CC-A475ABE849E3}.Debug|Any CPU.Build.0 = Debug|Any CPU
		{30D27F09-A786-4A07-87CC-A475ABE849E3}.Release|Any CPU.ActiveCfg = Release|Any CPU
		{30D27F09-A786-4A07-87CC-A475ABE849E3}.Release|Any CPU.Build.0 = Release|Any CPU
		{6735BC3B-D31D-4C67-B498-9633C4ADD7E9}.Debug|Any CPU.ActiveCfg = Debug|Any CPU
		{6735BC3B-D31D-4C67-B498-9633C4ADD7E9}.Debug|Any CPU.Build.0 = Debug|Any CPU
		{6735BC3B-D31D-4C67-B498-9633C4ADD7E9}.Release|Any CPU.ActiveCfg = Release|Any CPU
		{6735BC3B-D31D-4C67-B498-9633C4ADD7E9}.Release|Any CPU.Build.0 = Release|Any CPU
		{A54D77B4-3097-4746-8592-C0E0F18A8E3C}.Debug|Any CPU.ActiveCfg = Debug|Any CPU
		{A54D77B4-3097-4746-8592-C0E0F18A8E3C}.Debug|Any CPU.Build.0 = Debug|Any CPU
		{A54D77B4-3097-4746-8592-C0E0F18A8E3C}.Release|Any CPU.ActiveCfg = Release|Any CPU
		{A54D77B4-3097-4746-8592-C0E0F18A8E3C}.Release|Any CPU.Build.0 = Release|Any CPU
	EndGlobalSection
	GlobalSection(SolutionProperties) = preSolution
		HideSolutionNode = FALSE
	EndGlobalSection
	GlobalSection(ExtensibilityGlobals) = postSolution
		SolutionGuid = {C40B0D78-403C-482D-AF02-D19600561D70}
	EndGlobalSection
EndGlobal
